<?xml version="1.0" encoding="utf-8"?>
<Project ToolsVersion="4.0" xmlns="http://schemas.microsoft.com/developer/msbuild/2003">
  <ItemGroup>
    <Filter Include="Resource Files">
      <UniqueIdentifier>{67DA6AB6-F800-4c08-8B7A-83BB121AAD01}</UniqueIdentifier>
      <Extensions>rc;ico;cur;bmp;dlg;rc2;rct;bin;rgs;gif;jpg;jpeg;jpe;resx;tiff;tif;png;wav;mfcribbon-ms</Extensions>
    </Filter>
    <Filter Include="Engine">
      <UniqueIdentifier>{3fd0db38-ade9-420d-88a2-2d4881a8598f}</UniqueIdentifier>
    </Filter>
    <Filter Include="Engine\GUI">
      <UniqueIdentifier>{d672527e-174b-4947-8146-59415b4e1e3f}</UniqueIdentifier>
    </Filter>
    <Filter Include="Engine\help">
      <UniqueIdentifier>{a5d02118-4152-4970-b084-d6d6d3914075}</UniqueIdentifier>
    </Filter>
  </ItemGroup>
  <ItemGroup>
    <ClCompile Include="PacMan.cpp" />
  </ItemGroup>
  <ItemGroup>
    <ClInclude Include="Engine\ScreenManager.h">
      <Filter>Engine</Filter>
    </ClInclude>
    <ClInclude Include="Engine\IScreen.h">
      <Filter>Engine</Filter>
    </ClInclude>
    <ClInclude Include="Engine\Input.h">
      <Filter>Engine</Filter>
    </ClInclude>
    <ClInclude Include="Engine\GLHeader.h">
      <Filter>Engine</Filter>
    </ClInclude>
    <ClInclude Include="Engine\Engine.h">
      <Filter>Engine</Filter>
    </ClInclude>
    <ClInclude Include="Engine\Button.h">
      <Filter>Engine\GUI</Filter>
    </ClInclude>
    <ClInclude Include="Engine\Sprite.h">
      <Filter>Engine\GUI</Filter>
    </ClInclude>
    <ClInclude Include="Engine\Rect.h">
      <Filter>Engine\help</Filter>
    </ClInclude>
    <ClInclude Include="Engine\Helper.h">
      <Filter>Engine\help</Filter>
    </ClInclude>
  </ItemGroup>
</Project>