<?xml version="1.0" encoding="utf-8"?>
<Project ToolsVersion="4.0" xmlns="http://schemas.microsoft.com/developer/msbuild/2003">
  <ItemGroup>
    <Filter Include="Resource Files">
      <UniqueIdentifier>{67DA6AB6-F800-4c08-8B7A-83BB121AAD01}</UniqueIdentifier>
      <Extensions>rc;ico;cur;bmp;dlg;rc2;rct;bin;rgs;gif;jpg;jpeg;jpe;resx;tiff;tif;png;wav;mfcribbon-ms</Extensions>
    </Filter>
    <Filter Include="Engine">
      <UniqueIdentifier>{3fd0db38-ade9-420d-88a2-2d4881a8598f}</UniqueIdentifier>
    </Filter>
    <Filter Include="Engine\GUI">
      <UniqueIdentifier>{d672527e-174b-4947-8146-59415b4e1e3f}</UniqueIdentifier>
    </Filter>
    <Filter Include="Engine\help">
      <UniqueIdentifier>{a5d02118-4152-4970-b084-d6d6d3914075}</UniqueIdentifier>
    </Filter>
    <Filter Include="Game">
      <UniqueIdentifier>{0a41fa1a-572e-4b1c-9906-db4633cdc9cc}</UniqueIdentifier>
    </Filter>
    <Filter Include="Game\header">
      <UniqueIdentifier>{e7f78e70-e51b-4633-823e-671d64f48668}</UniqueIdentifier>
    </Filter>
    <Filter Include="Game\source">
      <UniqueIdentifier>{01cd4367-0ae9-431b-b18e-fb320820283b}</UniqueIdentifier>
    </Filter>
    <Filter Include="Game\header\Ghosts">
      <UniqueIdentifier>{7847f1af-d6e5-4d1c-b9a2-f3bcf46b6e90}</UniqueIdentifier>
    </Filter>
    <Filter Include="Game\source\Ghosts">
      <UniqueIdentifier>{ca3bd4c3-67a4-4016-a165-d4a2b5622e6a}</UniqueIdentifier>
    </Filter>
    <Filter Include="Engine\header">
      <UniqueIdentifier>{865e53f5-9de9-4080-a3d3-bf26f06c9c8e}</UniqueIdentifier>
    </Filter>
    <Filter Include="Engine\source">
      <UniqueIdentifier>{051db012-de74-4a93-8660-1583ba7faf2c}</UniqueIdentifier>
    </Filter>
  </ItemGroup>
  <ItemGroup>
    <ClCompile Include="PacMan.cpp" />
    <ClCompile Include="IGhost.cpp">
      <Filter>Game\source</Filter>
    </ClCompile>
    <ClCompile Include="Blinky.cpp">
      <Filter>Game\source\Ghosts</Filter>
    </ClCompile>
    <ClCompile Include="Clyde.cpp">
      <Filter>Game\source\Ghosts</Filter>
    </ClCompile>
    <ClCompile Include="Inky.cpp">
      <Filter>Game\source\Ghosts</Filter>
    </ClCompile>
    <ClCompile Include="Pinky.cpp">
      <Filter>Game\source\Ghosts</Filter>
    </ClCompile>
    <ClCompile Include="Model.cpp">
      <Filter>Engine\source</Filter>
    </ClCompile>
    <ClCompile Include="Batch.cpp">
      <Filter>Engine\source</Filter>
    </ClCompile>
    <ClCompile Include="Material.cpp">
      <Filter>Engine\source</Filter>
    </ClCompile>
    <ClCompile Include="Engine.cpp">
      <Filter>Engine\source</Filter>
    </ClCompile>
  </ItemGroup>
  <ItemGroup>
    <ClInclude Include="Engine\ScreenManager.h">
      <Filter>Engine</Filter>
    </ClInclude>
    <ClInclude Include="Engine\IScreen.h">
      <Filter>Engine</Filter>
    </ClInclude>
    <ClInclude Include="Engine\Input.h">
      <Filter>Engine</Filter>
    </ClInclude>
    <ClInclude Include="Engine\GLHeader.h">
      <Filter>Engine</Filter>
    </ClInclude>
    <ClInclude Include="Engine\Button.h">
      <Filter>Engine\GUI</Filter>
    </ClInclude>
    <ClInclude Include="Engine\Sprite.h">
      <Filter>Engine\GUI</Filter>
    </ClInclude>
    <ClInclude Include="Engine\Rect.h">
      <Filter>Engine\help</Filter>
    </ClInclude>
    <ClInclude Include="Engine\Helper.h">
      <Filter>Engine\help</Filter>
    </ClInclude>
    <ClInclude Include="IGameObject.h">
      <Filter>Game\header</Filter>
    </ClInclude>
    <ClInclude Include="IGhost.h">
      <Filter>Game\header</Filter>
    </ClInclude>
    <ClInclude Include="Blinky.h">
      <Filter>Game\header\Ghosts</Filter>
    </ClInclude>
    <ClInclude Include="Inky.h">
      <Filter>Game\header\Ghosts</Filter>
    </ClInclude>
    <ClInclude Include="Pinky.h">
      <Filter>Game\header\Ghosts</Filter>
    </ClInclude>
    <ClInclude Include="Clyde.h">
      <Filter>Game\header\Ghosts</Filter>
    </ClInclude>
    <ClInclude Include="Model.h">
      <Filter>Engine\header</Filter>
    </ClInclude>
    <ClInclude Include="Batch.h">
      <Filter>Engine\header</Filter>
    </ClInclude>
    <ClInclude Include="Material.h">
      <Filter>Engine\header</Filter>
    </ClInclude>
    <ClInclude Include="Engine\Engine.h">
      <Filter>Engine\header</Filter>
    </ClInclude>
  </ItemGroup>
</Project>